
Microsoft Visual Studio Solution File, Format Version 12.00
# Visual Studio Version 17
VisualStudioVersion = 17.0.32014.148
MinimumVisualStudioVersion = 10.0.40219.1
Project("{9A19103F-16F7-4668-BE54-9A1E7A4F7556}") = "OrmBenchmark", "OrmBenchmark.csproj", "{AD11633B-FDEA-406A-86A2-E35857CA2513}"
EndProject
Global
	GlobalSection(SolutionConfigurationPlatforms) = preSolution
		Debug|Any CPU = Debug|Any CPU
		Release|Any CPU = Release|Any CPU
	EndGlobalSection
	GlobalSection(ProjectConfigurationPlatforms) = postSolution
		{AD11633B-FDEA-406A-86A2-E35857CA2513}.Debug|Any CPU.ActiveCfg = Debug|Any CPU
		{AD11633B-FDEA-406A-86A2-E35857CA2513}.Debug|Any CPU.Build.0 = Debug|Any CPU
		{AD11633B-FDEA-406A-86A2-E35857CA2513}.Release|Any CPU.ActiveCfg = Release|Any CPU
		{AD11633B-FDEA-406A-86A2-E35857CA2513}.Release|Any CPU.Build.0 = Release|Any CPU
	EndGlobalSection
	GlobalSection(SolutionProperties) = preSolution
		HideSolutionNode = FALSE
	EndGlobalSection
	GlobalSection(ExtensibilityGlobals) = postSolution
		SolutionGuid = {868DDE3C-5C74-41D1-B7BC-B1A4D34C0B9A}
	EndGlobalSection
EndGlobal
